
Microsoft Visual Studio Solution File, Format Version 12.00
# Visual Studio Version 17
VisualStudioVersion = 17.10.35122.118
MinimumVisualStudioVersion = 10.0.40219.1
Project("{9A19103F-16F7-4668-BE54-9A1E7A4F7556}") = "MetarTaf", "MetarTaf\MetarTaf.csproj", "{12722B1B-4378-46E3-BDDC-0DD615F2B60E}"
EndProject
Project("{9A19103F-16F7-4668-BE54-9A1E7A4F7556}") = "MetarTaf.Tests", "MetarTaf.Tests\MetarTaf.Tests.csproj", "{4E5F3CFE-C356-4928-8B59-DCF57A323FF2}"
EndProject
Project("{FAE04EC0-301F-11D3-BF4B-00C04F79EFBC}") = "DecoderTesting", "DecoderTesting\DecoderTesting.csproj", "{98F964DF-8C63-4132-8DD5-4D30E4192B6D}"
EndProject
Global
	GlobalSection(SolutionConfigurationPlatforms) = preSolution
		Debug|Any CPU = Debug|Any CPU
		Release|Any CPU = Release|Any CPU
	EndGlobalSection
	GlobalSection(ProjectConfigurationPlatforms) = postSolution
		{12722B1B-4378-46E3-BDDC-0DD615F2B60E}.Debug|Any CPU.ActiveCfg = Debug|Any CPU
		{12722B1B-4378-46E3-BDDC-0DD615F2B60E}.Debug|Any CPU.Build.0 = Debug|Any CPU
		{12722B1B-4378-46E3-BDDC-0DD615F2B60E}.Release|Any CPU.ActiveCfg = Release|Any CPU
		{12722B1B-4378-46E3-BDDC-0DD615F2B60E}.Release|Any CPU.Build.0 = Release|Any CPU
		{4E5F3CFE-C356-4928-8B59-DCF57A323FF2}.Debug|Any CPU.ActiveCfg = Debug|Any CPU
		{4E5F3CFE-C356-4928-8B59-DCF57A323FF2}.Debug|Any CPU.Build.0 = Debug|Any CPU
		{4E5F3CFE-C356-4928-8B59-DCF57A323FF2}.Release|Any CPU.ActiveCfg = Release|Any CPU
		{4E5F3CFE-C356-4928-8B59-DCF57A323FF2}.Release|Any CPU.Build.0 = Release|Any CPU
		{98F964DF-8C63-4132-8DD5-4D30E4192B6D}.Debug|Any CPU.ActiveCfg = Debug|Any CPU
		{98F964DF-8C63-4132-8DD5-4D30E4192B6D}.Debug|Any CPU.Build.0 = Debug|Any CPU
		{98F964DF-8C63-4132-8DD5-4D30E4192B6D}.Release|Any CPU.ActiveCfg = Release|Any CPU
		{98F964DF-8C63-4132-8DD5-4D30E4192B6D}.Release|Any CPU.Build.0 = Release|Any CPU
	EndGlobalSection
	GlobalSection(SolutionProperties) = preSolution
		HideSolutionNode = FALSE
	EndGlobalSection
	GlobalSection(ExtensibilityGlobals) = postSolution
		SolutionGuid = {3A3D07D5-A134-43A9-BD7F-8770D90094CD}
	EndGlobalSection
EndGlobal
